
Microsoft Visual Studio Solution File, Format Version 12.00
# Visual Studio Version 17
VisualStudioVersion = 17.2.32602.215
MinimumVisualStudioVersion = 10.0.40219.1
Project("{FAE04EC0-301F-11D3-BF4B-00C04F79EFBC}") = "M126Git", "M126Git\M126Git.csproj", "{203CD135-58D7-4BA3-A5E6-43BCF0BB27AE}"
EndProject
Global
	GlobalSection(SolutionConfigurationPlatforms) = preSolution
		Debug|Any CPU = Debug|Any CPU
		Release|Any CPU = Release|Any CPU
	EndGlobalSection
	GlobalSection(ProjectConfigurationPlatforms) = postSolution
		{203CD135-58D7-4BA3-A5E6-43BCF0BB27AE}.Debug|Any CPU.ActiveCfg = Debug|Any CPU
		{203CD135-58D7-4BA3-A5E6-43BCF0BB27AE}.Debug|Any CPU.Build.0 = Debug|Any CPU
		{203CD135-58D7-4BA3-A5E6-43BCF0BB27AE}.Release|Any CPU.ActiveCfg = Release|Any CPU
		{203CD135-58D7-4BA3-A5E6-43BCF0BB27AE}.Release|Any CPU.Build.0 = Release|Any CPU
	EndGlobalSection
	GlobalSection(SolutionProperties) = preSolution
		HideSolutionNode = FALSE
	EndGlobalSection
	GlobalSection(ExtensibilityGlobals) = postSolution
		SolutionGuid = {BEA24818-C217-4CA1-A483-20D0E9624E04}
	EndGlobalSection
EndGlobal
